
Microsoft Visual Studio Solution File, Format Version 12.00
# Visual Studio Version 16
VisualStudioVersion = 16.0.31702.278
MinimumVisualStudioVersion = 10.0.40219.1
Project("{9A19103F-16F7-4668-BE54-9A1E7A4F7556}") = "WPF_Start", "BindDB\WPF_Start.csproj", "{80ED5BC8-9A5A-49C9-BE0A-AAE6646A68B5}"
EndProject
Global
	GlobalSection(SolutionConfigurationPlatforms) = preSolution
		Debug|Any CPU = Debug|Any CPU
		Release|Any CPU = Release|Any CPU
	EndGlobalSection
	GlobalSection(ProjectConfigurationPlatforms) = postSolution
		{80ED5BC8-9A5A-49C9-BE0A-AAE6646A68B5}.Debug|Any CPU.ActiveCfg = Debug|Any CPU
		{80ED5BC8-9A5A-49C9-BE0A-AAE6646A68B5}.Debug|Any CPU.Build.0 = Debug|Any CPU
		{80ED5BC8-9A5A-49C9-BE0A-AAE6646A68B5}.Release|Any CPU.ActiveCfg = Release|Any CPU
		{80ED5BC8-9A5A-49C9-BE0A-AAE6646A68B5}.Release|Any CPU.Build.0 = Release|Any CPU
	EndGlobalSection
	GlobalSection(SolutionProperties) = preSolution
		HideSolutionNode = FALSE
	EndGlobalSection
	GlobalSection(ExtensibilityGlobals) = postSolution
		SolutionGuid = {AAB4AA85-0C1D-4FC1-B22E-10546C7216D3}
	EndGlobalSection
EndGlobal
